// !$*UTF8*$!
{
	archiveVersion = 1;
	classes = {
	};
	objectVersion = 55;
	objects = {

/* Begin PBXBuildFile section */
		26252A0E2736E34800DC7BBC /* SymPlaceApp.swift in Sources */ = {isa = PBXBuildFile; fileRef = 26252A0D2736E34800DC7BBC /* SymPlaceApp.swift */; };
		26252A102736E34800DC7BBC /* ContentView.swift in Sources */ = {isa = PBXBuildFile; fileRef = 26252A0F2736E34800DC7BBC /* ContentView.swift */; };
		26252A122736E34A00DC7BBC /* Assets.xcassets in Resources */ = {isa = PBXBuildFile; fileRef = 26252A112736E34A00DC7BBC /* Assets.xcassets */; };
		26252A152736E34A00DC7BBC /* Preview Assets.xcassets in Resources */ = {isa = PBXBuildFile; fileRef = 26252A142736E34A00DC7BBC /* Preview Assets.xcassets */; };
		26252A1E2736E38200DC7BBC /* UserManager.swift in Sources */ = {isa = PBXBuildFile; fileRef = 26252A1D2736E38200DC7BBC /* UserManager.swift */; };
		26252A202736E38A00DC7BBC /* LocationManager.swift in Sources */ = {isa = PBXBuildFile; fileRef = 26252A1F2736E38A00DC7BBC /* LocationManager.swift */; };
		26252A222736E6BD00DC7BBC /* User.swift in Sources */ = {isa = PBXBuildFile; fileRef = 26252A212736E6BD00DC7BBC /* User.swift */; };
		26252A2E2736EB8100DC7BBC /* NotificationManager.swift in Sources */ = {isa = PBXBuildFile; fileRef = 26252A2D2736EB8100DC7BBC /* NotificationManager.swift */; };
		26252A312736EE8200DC7BBC /* MainScreen.swift in Sources */ = {isa = PBXBuildFile; fileRef = 26252A302736EE8200DC7BBC /* MainScreen.swift */; };
		26252A332736EE8A00DC7BBC /* NewUserScreen.swift in Sources */ = {isa = PBXBuildFile; fileRef = 26252A322736EE8A00DC7BBC /* NewUserScreen.swift */; };
		26252A352736EE9500DC7BBC /* OnboardingScreen.swift in Sources */ = {isa = PBXBuildFile; fileRef = 26252A342736EE9500DC7BBC /* OnboardingScreen.swift */; };
		26252A372736EFEA00DC7BBC /* OnboardingController.swift in Sources */ = {isa = PBXBuildFile; fileRef = 26252A362736EFEA00DC7BBC /* OnboardingController.swift */; };
		26252A392736F58400DC7BBC /* ProfileView.swift in Sources */ = {isa = PBXBuildFile; fileRef = 26252A382736F58400DC7BBC /* ProfileView.swift */; };
		26252A3C2736F76F00DC7BBC /* SymTextField.swift in Sources */ = {isa = PBXBuildFile; fileRef = 26252A3B2736F76F00DC7BBC /* SymTextField.swift */; };
		26252A3E2736F81400DC7BBC /* Colors.swift in Sources */ = {isa = PBXBuildFile; fileRef = 26252A3D2736F81400DC7BBC /* Colors.swift */; };
		26252A422737037E00DC7BBC /* InformationCollection.swift in Sources */ = {isa = PBXBuildFile; fileRef = 26252A412737037E00DC7BBC /* InformationCollection.swift */; };
		26252A44273705FA00DC7BBC /* Loader.swift in Sources */ = {isa = PBXBuildFile; fileRef = 26252A43273705FA00DC7BBC /* Loader.swift */; };
/* End PBXBuildFile section */

/* Begin PBXFileReference section */
		26252A0A2736E34800DC7BBC /* SymPlace.app */ = {isa = PBXFileReference; explicitFileType = wrapper.application; includeInIndex = 0; path = SymPlace.app; sourceTree = BUILT_PRODUCTS_DIR; };
		26252A0D2736E34800DC7BBC /* SymPlaceApp.swift */ = {isa = PBXFileReference; lastKnownFileType = sourcecode.swift; path = SymPlaceApp.swift; sourceTree = "<group>"; };
		26252A0F2736E34800DC7BBC /* ContentView.swift */ = {isa = PBXFileReference; lastKnownFileType = sourcecode.swift; path = ContentView.swift; sourceTree = "<group>"; };
		26252A112736E34A00DC7BBC /* Assets.xcassets */ = {isa = PBXFileReference; lastKnownFileType = folder.assetcatalog; path = Assets.xcassets; sourceTree = "<group>"; };
		26252A142736E34A00DC7BBC /* Preview Assets.xcassets */ = {isa = PBXFileReference; lastKnownFileType = folder.assetcatalog; path = "Preview Assets.xcassets"; sourceTree = "<group>"; };
		26252A1D2736E38200DC7BBC /* UserManager.swift */ = {isa = PBXFileReference; lastKnownFileType = sourcecode.swift; path = UserManager.swift; sourceTree = "<group>"; };
		26252A1F2736E38A00DC7BBC /* LocationManager.swift */ = {isa = PBXFileReference; lastKnownFileType = sourcecode.swift; path = LocationManager.swift; sourceTree = "<group>"; };
		26252A212736E6BD00DC7BBC /* User.swift */ = {isa = PBXFileReference; lastKnownFileType = sourcecode.swift; path = User.swift; sourceTree = "<group>"; };
		26252A2B2736EA3F00DC7BBC /* Info.plist */ = {isa = PBXFileReference; lastKnownFileType = text.plist; path = Info.plist; sourceTree = "<group>"; };
		26252A2C2736EADA00DC7BBC /* SymPlace.entitlements */ = {isa = PBXFileReference; lastKnownFileType = text.plist.entitlements; path = SymPlace.entitlements; sourceTree = "<group>"; };
		26252A2D2736EB8100DC7BBC /* NotificationManager.swift */ = {isa = PBXFileReference; lastKnownFileType = sourcecode.swift; path = NotificationManager.swift; sourceTree = "<group>"; };
		26252A302736EE8200DC7BBC /* MainScreen.swift */ = {isa = PBXFileReference; lastKnownFileType = sourcecode.swift; path = MainScreen.swift; sourceTree = "<group>"; };
		26252A322736EE8A00DC7BBC /* NewUserScreen.swift */ = {isa = PBXFileReference; lastKnownFileType = sourcecode.swift; path = NewUserScreen.swift; sourceTree = "<group>"; };
		26252A342736EE9500DC7BBC /* OnboardingScreen.swift */ = {isa = PBXFileReference; lastKnownFileType = sourcecode.swift; path = OnboardingScreen.swift; sourceTree = "<group>"; };
		26252A362736EFEA00DC7BBC /* OnboardingController.swift */ = {isa = PBXFileReference; lastKnownFileType = sourcecode.swift; path = OnboardingController.swift; sourceTree = "<group>"; };
		26252A382736F58400DC7BBC /* ProfileView.swift */ = {isa = PBXFileReference; lastKnownFileType = sourcecode.swift; path = ProfileView.swift; sourceTree = "<group>"; };
		26252A3B2736F76F00DC7BBC /* SymTextField.swift */ = {isa = PBXFileReference; lastKnownFileType = sourcecode.swift; path = SymTextField.swift; sourceTree = "<group>"; };
		26252A3D2736F81400DC7BBC /* Colors.swift */ = {isa = PBXFileReference; lastKnownFileType = sourcecode.swift; path = Colors.swift; sourceTree = "<group>"; };
		26252A412737037E00DC7BBC /* InformationCollection.swift */ = {isa = PBXFileReference; lastKnownFileType = sourcecode.swift; path = InformationCollection.swift; sourceTree = "<group>"; };
		26252A43273705FA00DC7BBC /* Loader.swift */ = {isa = PBXFileReference; lastKnownFileType = sourcecode.swift; path = Loader.swift; sourceTree = "<group>"; };
/* End PBXFileReference section */

/* Begin PBXFrameworksBuildPhase section */
		26252A072736E34800DC7BBC /* Frameworks */ = {
			isa = PBXFrameworksBuildPhase;
			buildActionMask = 2147483647;
			files = (
			);
			runOnlyForDeploymentPostprocessing = 0;
		};
/* End PBXFrameworksBuildPhase section */

/* Begin PBXGroup section */
		26252A012736E34800DC7BBC = {
			isa = PBXGroup;
			children = (
				26252A0C2736E34800DC7BBC /* SymPlace */,
				26252A0B2736E34800DC7BBC /* Products */,
			);
			sourceTree = "<group>";
		};
		26252A0B2736E34800DC7BBC /* Products */ = {
			isa = PBXGroup;
			children = (
				26252A0A2736E34800DC7BBC /* SymPlace.app */,
			);
			name = Products;
			sourceTree = "<group>";
		};
		26252A0C2736E34800DC7BBC /* SymPlace */ = {
			isa = PBXGroup;
			children = (
				26252A2C2736EADA00DC7BBC /* SymPlace.entitlements */,
				26252A2B2736EA3F00DC7BBC /* Info.plist */,
				26252A1C2736E37400DC7BBC /* Controllers */,
				26252A1B2736E36900DC7BBC /* Views */,
				26252A112736E34A00DC7BBC /* Assets.xcassets */,
				26252A132736E34A00DC7BBC /* Preview Content */,
			);
			path = SymPlace;
			sourceTree = "<group>";
		};
		26252A132736E34A00DC7BBC /* Preview Content */ = {
			isa = PBXGroup;
			children = (
				26252A142736E34A00DC7BBC /* Preview Assets.xcassets */,
			);
			path = "Preview Content";
			sourceTree = "<group>";
		};
		26252A1B2736E36900DC7BBC /* Views */ = {
			isa = PBXGroup;
			children = (
				26252A3A2736F75A00DC7BBC /* Utilities */,
				26252A2F2736EE7500DC7BBC /* User */,
				26252A0F2736E34800DC7BBC /* ContentView.swift */,
				26252A302736EE8200DC7BBC /* MainScreen.swift */,
				26252A342736EE9500DC7BBC /* OnboardingScreen.swift */,
			);
			path = Views;
			sourceTree = "<group>";
		};
		26252A1C2736E37400DC7BBC /* Controllers */ = {
			isa = PBXGroup;
			children = (
				26252A0D2736E34800DC7BBC /* SymPlaceApp.swift */,
				26252A2A2736E6E200DC7BBC /* Users */,
				26252A1F2736E38A00DC7BBC /* LocationManager.swift */,
				26252A2D2736EB8100DC7BBC /* NotificationManager.swift */,
				26252A362736EFEA00DC7BBC /* OnboardingController.swift */,
			);
			path = Controllers;
			sourceTree = "<group>";
		};
		26252A2A2736E6E200DC7BBC /* Users */ = {
			isa = PBXGroup;
			children = (
				26252A1D2736E38200DC7BBC /* UserManager.swift */,
				26252A212736E6BD00DC7BBC /* User.swift */,
			);
			path = Users;
			sourceTree = "<group>";
		};
		26252A2F2736EE7500DC7BBC /* User */ = {
			isa = PBXGroup;
			children = (
				26252A322736EE8A00DC7BBC /* NewUserScreen.swift */,
				26252A382736F58400DC7BBC /* ProfileView.swift */,
				26252A412737037E00DC7BBC /* InformationCollection.swift */,
			);
			path = User;
			sourceTree = "<group>";
		};
		26252A3A2736F75A00DC7BBC /* Utilities */ = {
			isa = PBXGroup;
			children = (
				26252A3B2736F76F00DC7BBC /* SymTextField.swift */,
				26252A3D2736F81400DC7BBC /* Colors.swift */,
				26252A43273705FA00DC7BBC /* Loader.swift */,
			);
			path = Utilities;
			sourceTree = "<group>";
		};
/* End PBXGroup section */

/* Begin PBXNativeTarget section */
		26252A092736E34800DC7BBC /* SymPlace */ = {
			isa = PBXNativeTarget;
			buildConfigurationList = 26252A182736E34A00DC7BBC /* Build configuration list for PBXNativeTarget "SymPlace" */;
			buildPhases = (
				26252A062736E34800DC7BBC /* Sources */,
				26252A072736E34800DC7BBC /* Frameworks */,
				26252A082736E34800DC7BBC /* Resources */,
			);
			buildRules = (
			);
			dependencies = (
			);
			name = SymPlace;
			productName = SymPlace;
			productReference = 26252A0A2736E34800DC7BBC /* SymPlace.app */;
			productType = "com.apple.product-type.application";
		};
/* End PBXNativeTarget section */

/* Begin PBXProject section */
		26252A022736E34800DC7BBC /* Project object */ = {
			isa = PBXProject;
			attributes = {
				BuildIndependentTargetsInParallel = 1;
				LastSwiftUpdateCheck = 1310;
				LastUpgradeCheck = 1310;
				TargetAttributes = {
					26252A092736E34800DC7BBC = {
						CreatedOnToolsVersion = 13.1;
					};
				};
			};
			buildConfigurationList = 26252A052736E34800DC7BBC /* Build configuration list for PBXProject "SymPlace" */;
			compatibilityVersion = "Xcode 13.0";
			developmentRegion = en;
			hasScannedForEncodings = 0;
			knownRegions = (
				en,
				Base,
			);
			mainGroup = 26252A012736E34800DC7BBC;
			productRefGroup = 26252A0B2736E34800DC7BBC /* Products */;
			projectDirPath = "";
			projectRoot = "";
			targets = (
				26252A092736E34800DC7BBC /* SymPlace */,
			);
		};
/* End PBXProject section */

/* Begin PBXResourcesBuildPhase section */
		26252A082736E34800DC7BBC /* Resources */ = {
			isa = PBXResourcesBuildPhase;
			buildActionMask = 2147483647;
			files = (
				26252A152736E34A00DC7BBC /* Preview Assets.xcassets in Resources */,
				26252A122736E34A00DC7BBC /* Assets.xcassets in Resources */,
			);
			runOnlyForDeploymentPostprocessing = 0;
		};
/* End PBXResourcesBuildPhase section */

/* Begin PBXSourcesBuildPhase section */
		26252A062736E34800DC7BBC /* Sources */ = {
			isa = PBXSourcesBuildPhase;
			buildActionMask = 2147483647;
			files = (
				26252A332736EE8A00DC7BBC /* NewUserScreen.swift in Sources */,
				26252A312736EE8200DC7BBC /* MainScreen.swift in Sources */,
				26252A202736E38A00DC7BBC /* LocationManager.swift in Sources */,
				26252A2E2736EB8100DC7BBC /* NotificationManager.swift in Sources */,
				26252A3C2736F76F00DC7BBC /* SymTextField.swift in Sources */,
				26252A372736EFEA00DC7BBC /* OnboardingController.swift in Sources */,
				26252A1E2736E38200DC7BBC /* UserManager.swift in Sources */,
				26252A3E2736F81400DC7BBC /* Colors.swift in Sources */,
				26252A102736E34800DC7BBC /* ContentView.swift in Sources */,
				26252A352736EE9500DC7BBC /* OnboardingScreen.swift in Sources */,
				26252A422737037E00DC7BBC /* InformationCollection.swift in Sources */,
				26252A222736E6BD00DC7BBC /* User.swift in Sources */,
				26252A392736F58400DC7BBC /* ProfileView.swift in Sources */,
				26252A0E2736E34800DC7BBC /* SymPlaceApp.swift in Sources */,
				26252A44273705FA00DC7BBC /* Loader.swift in Sources */,
			);
			runOnlyForDeploymentPostprocessing = 0;
		};
/* End PBXSourcesBuildPhase section */

/* Begin XCBuildConfiguration section */
		26252A162736E34A00DC7BBC /* Debug */ = {
			isa = XCBuildConfiguration;
			buildSettings = {
				ALWAYS_SEARCH_USER_PATHS = NO;
				CLANG_ANALYZER_NONNULL = YES;
				CLANG_ANALYZER_NUMBER_OBJECT_CONVERSION = YES_AGGRESSIVE;
				CLANG_CXX_LANGUAGE_STANDARD = "gnu++17";
				CLANG_CXX_LIBRARY = "libc++";
				CLANG_ENABLE_MODULES = YES;
				CLANG_ENABLE_OBJC_ARC = YES;
				CLANG_ENABLE_OBJC_WEAK = YES;
				CLANG_WARN_BLOCK_CAPTURE_AUTORELEASING = YES;
				CLANG_WARN_BOOL_CONVERSION = YES;
				CLANG_WARN_COMMA = YES;
				CLANG_WARN_CONSTANT_CONVERSION = YES;
				CLANG_WARN_DEPRECATED_OBJC_IMPLEMENTATIONS = YES;
				CLANG_WARN_DIRECT_OBJC_ISA_USAGE = YES_ERROR;
				CLANG_WARN_DOCUMENTATION_COMMENTS = YES;
				CLANG_WARN_EMPTY_BODY = YES;
				CLANG_WARN_ENUM_CONVERSION = YES;
				CLANG_WARN_INFINITE_RECURSION = YES;
				CLANG_WARN_INT_CONVERSION = YES;
				CLANG_WARN_NON_LITERAL_NULL_CONVERSION = YES;
				CLANG_WARN_OBJC_IMPLICIT_RETAIN_SELF = YES;
				CLANG_WARN_OBJC_LITERAL_CONVERSION = YES;
				CLANG_WARN_OBJC_ROOT_CLASS = YES_ERROR;
				CLANG_WARN_QUOTED_INCLUDE_IN_FRAMEWORK_HEADER = YES;
				CLANG_WARN_RANGE_LOOP_ANALYSIS = YES;
				CLANG_WARN_STRICT_PROTOTYPES = YES;
				CLANG_WARN_SUSPICIOUS_MOVE = YES;
				CLANG_WARN_UNGUARDED_AVAILABILITY = YES_AGGRESSIVE;
				CLANG_WARN_UNREACHABLE_CODE = YES;
				CLANG_WARN__DUPLICATE_METHOD_MATCH = YES;
				COPY_PHASE_STRIP = NO;
				DEBUG_INFORMATION_FORMAT = dwarf;
				ENABLE_STRICT_OBJC_MSGSEND = YES;
				ENABLE_TESTABILITY = YES;
				GCC_C_LANGUAGE_STANDARD = gnu11;
				GCC_DYNAMIC_NO_PIC = NO;
				GCC_NO_COMMON_BLOCKS = YES;
				GCC_OPTIMIZATION_LEVEL = 0;
				GCC_PREPROCESSOR_DEFINITIONS = (
					"DEBUG=1",
					"$(inherited)",
				);
				GCC_WARN_64_TO_32_BIT_CONVERSION = YES;
				GCC_WARN_ABOUT_RETURN_TYPE = YES_ERROR;
				GCC_WARN_UNDECLARED_SELECTOR = YES;
				GCC_WARN_UNINITIALIZED_AUTOS = YES_AGGRESSIVE;
				GCC_WARN_UNUSED_FUNCTION = YES;
				GCC_WARN_UNUSED_VARIABLE = YES;
				IPHONEOS_DEPLOYMENT_TARGET = 15.0;
				MTL_ENABLE_DEBUG_INFO = INCLUDE_SOURCE;
				MTL_FAST_MATH = YES;
				ONLY_ACTIVE_ARCH = YES;
				SDKROOT = iphoneos;
				SWIFT_ACTIVE_COMPILATION_CONDITIONS = DEBUG;
				SWIFT_OPTIMIZATION_LEVEL = "-Onone";
			};
			name = Debug;
		};
		26252A172736E34A00DC7BBC /* Release */ = {
			isa = XCBuildConfiguration;
			buildSettings = {
				ALWAYS_SEARCH_USER_PATHS = NO;
				CLANG_ANALYZER_NONNULL = YES;
				CLANG_ANALYZER_NUMBER_OBJECT_CONVERSION = YES_AGGRESSIVE;
				CLANG_CXX_LANGUAGE_STANDARD = "gnu++17";
				CLANG_CXX_LIBRARY = "libc++";
				CLANG_ENABLE_MODULES = YES;
				CLANG_ENABLE_OBJC_ARC = YES;
				CLANG_ENABLE_OBJC_WEAK = YES;
				CLANG_WARN_BLOCK_CAPTURE_AUTORELEASING = YES;
				CLANG_WARN_BOOL_CONVERSION = YES;
				CLANG_WARN_COMMA = YES;
				CLANG_WARN_CONSTANT_CONVERSION = YES;
				CLANG_WARN_DEPRECATED_OBJC_IMPLEMENTATIONS = YES;
				CLANG_WARN_DIRECT_OBJC_ISA_USAGE = YES_ERROR;
				CLANG_WARN_DOCUMENTATION_COMMENTS = YES;
				CLANG_WARN_EMPTY_BODY = YES;
				CLANG_WARN_ENUM_CONVERSION = YES;
				CLANG_WARN_INFINITE_RECURSION = YES;
				CLANG_WARN_INT_CONVERSION = YES;
				CLANG_WARN_NON_LITERAL_NULL_CONVERSION = YES;
				CLANG_WARN_OBJC_IMPLICIT_RETAIN_SELF = YES;
				CLANG_WARN_OBJC_LITERAL_CONVERSION = YES;
				CLANG_WARN_OBJC_ROOT_CLASS = YES_ERROR;
				CLANG_WARN_QUOTED_INCLUDE_IN_FRAMEWORK_HEADER = YES;
				CLANG_WARN_RANGE_LOOP_ANALYSIS = YES;
				CLANG_WARN_STRICT_PROTOTYPES = YES;
				CLANG_WARN_SUSPICIOUS_MOVE = YES;
				CLANG_WARN_UNGUARDED_AVAILABILITY = YES_AGGRESSIVE;
				CLANG_WARN_UNREACHABLE_CODE = YES;
				CLANG_WARN__DUPLICATE_METHOD_MATCH = YES;
				COPY_PHASE_STRIP = NO;
				DEBUG_INFORMATION_FORMAT = "dwarf-with-dsym";
				ENABLE_NS_ASSERTIONS = NO;
				ENABLE_STRICT_OBJC_MSGSEND = YES;
				GCC_C_LANGUAGE_STANDARD = gnu11;
				GCC_NO_COMMON_BLOCKS = YES;
				GCC_WARN_64_TO_32_BIT_CONVERSION = YES;
				GCC_WARN_ABOUT_RETURN_TYPE = YES_ERROR;
				GCC_WARN_UNDECLARED_SELECTOR = YES;
				GCC_WARN_UNINITIALIZED_AUTOS = YES_AGGRESSIVE;
				GCC_WARN_UNUSED_FUNCTION = YES;
				GCC_WARN_UNUSED_VARIABLE = YES;
				IPHONEOS_DEPLOYMENT_TARGET = 15.0;
				MTL_ENABLE_DEBUG_INFO = NO;
				MTL_FAST_MATH = YES;
				SDKROOT = iphoneos;
				SWIFT_COMPILATION_MODE = wholemodule;
				SWIFT_OPTIMIZATION_LEVEL = "-O";
				VALIDATE_PRODUCT = YES;
			};
			name = Release;
		};
		26252A192736E34A00DC7BBC /* Debug */ = {
			isa = XCBuildConfiguration;
			buildSettings = {
				ASSETCATALOG_COMPILER_APPICON_NAME = AppIcon;
				ASSETCATALOG_COMPILER_GLOBAL_ACCENT_COLOR_NAME = AccentColor;
				CODE_SIGN_ENTITLEMENTS = SymPlace/SymPlace.entitlements;
				CODE_SIGN_STYLE = Automatic;
				CURRENT_PROJECT_VERSION = 1;
				DEVELOPMENT_ASSET_PATHS = "\"SymPlace/Preview Content\"";
				DEVELOPMENT_TEAM = 5RD23JCCKU;
				ENABLE_PREVIEWS = YES;
				GENERATE_INFOPLIST_FILE = YES;
				INFOPLIST_FILE = SymPlace/Info.plist;
				INFOPLIST_KEY_UIApplicationSceneManifest_Generation = YES;
				INFOPLIST_KEY_UIApplicationSupportsIndirectInputEvents = YES;
				INFOPLIST_KEY_UILaunchScreen_Generation = YES;
				INFOPLIST_KEY_UISupportedInterfaceOrientations_iPad = "UIInterfaceOrientationPortrait UIInterfaceOrientationPortraitUpsideDown UIInterfaceOrientationLandscapeLeft UIInterfaceOrientationLandscapeRight";
				INFOPLIST_KEY_UISupportedInterfaceOrientations_iPhone = "UIInterfaceOrientationPortrait UIInterfaceOrientationLandscapeLeft UIInterfaceOrientationLandscapeRight";
				LD_RUNPATH_SEARCH_PATHS = (
					"$(inherited)",
					"@executable_path/Frameworks",
				);
				MARKETING_VERSION = 1.0;
				PRODUCT_BUNDLE_IDENTIFIER = dev.halz.SymPlace;
				PRODUCT_NAME = "$(TARGET_NAME)";
				SWIFT_EMIT_LOC_STRINGS = YES;
				SWIFT_VERSION = 5.0;
				TARGETED_DEVICE_FAMILY = "1,2";
			};
			name = Debug;
		};
		26252A1A2736E34A00DC7BBC /* Release */ = {
			isa = XCBuildConfiguration;
			buildSettings = {
				ASSETCATALOG_COMPILER_APPICON_NAME = AppIcon;
				ASSETCATALOG_COMPILER_GLOBAL_ACCENT_COLOR_NAME = AccentColor;
				CODE_SIGN_ENTITLEMENTS = SymPlace/SymPlace.entitlements;
				CODE_SIGN_STYLE = Automatic;
				CURRENT_PROJECT_VERSION = 1;
				DEVELOPMENT_ASSET_PATHS = "\"SymPlace/Preview Content\"";
				DEVELOPMENT_TEAM = 5RD23JCCKU;
				ENABLE_PREVIEWS = YES;
				GENERATE_INFOPLIST_FILE = YES;
				INFOPLIST_FILE = SymPlace/Info.plist;
				INFOPLIST_KEY_UIApplicationSceneManifest_Generation = YES;
				INFOPLIST_KEY_UIApplicationSupportsIndirectInputEvents = YES;
				INFOPLIST_KEY_UILaunchScreen_Generation = YES;
				INFOPLIST_KEY_UISupportedInterfaceOrientations_iPad = "UIInterfaceOrientationPortrait UIInterfaceOrientationPortraitUpsideDown UIInterfaceOrientationLandscapeLeft UIInterfaceOrientationLandscapeRight";
				INFOPLIST_KEY_UISupportedInterfaceOrientations_iPhone = "UIInterfaceOrientationPortrait UIInterfaceOrientationLandscapeLeft UIInterfaceOrientationLandscapeRight";
				LD_RUNPATH_SEARCH_PATHS = (
					"$(inherited)",
					"@executable_path/Frameworks",
				);
				MARKETING_VERSION = 1.0;
				PRODUCT_BUNDLE_IDENTIFIER = dev.halz.SymPlace;
				PRODUCT_NAME = "$(TARGET_NAME)";
				SWIFT_EMIT_LOC_STRINGS = YES;
				SWIFT_VERSION = 5.0;
				TARGETED_DEVICE_FAMILY = "1,2";
			};
			name = Release;
		};
/* End XCBuildConfiguration section */

/* Begin XCConfigurationList section */
		26252A052736E34800DC7BBC /* Build configuration list for PBXProject "SymPlace" */ = {
			isa = XCConfigurationList;
			buildConfigurations = (
				26252A162736E34A00DC7BBC /* Debug */,
				26252A172736E34A00DC7BBC /* Release */,
			);
			defaultConfigurationIsVisible = 0;
			defaultConfigurationName = Release;
		};
		26252A182736E34A00DC7BBC /* Build configuration list for PBXNativeTarget "SymPlace" */ = {
			isa = XCConfigurationList;
			buildConfigurations = (
				26252A192736E34A00DC7BBC /* Debug */,
				26252A1A2736E34A00DC7BBC /* Release */,
			);
			defaultConfigurationIsVisible = 0;
			defaultConfigurationName = Release;
		};
/* End XCConfigurationList section */
	};
	rootObject = 26252A022736E34800DC7BBC /* Project object */;
}
